
Microsoft Visual Studio Solution File, Format Version 12.00
# Visual Studio 2012
Project("{FAE04EC0-301F-11D3-BF4B-00C04F79EFBC}") = "WeatherNet", "WeatherNet\WeatherNet.csproj", "{A7A99412-5F99-4B4F-AFCF-90AA4B1EEB90}"
EndProject
Project("{FAE04EC0-301F-11D3-BF4B-00C04F79EFBC}") = "WeatherNetTest", "WeatherNetTest\WeatherNetTest.csproj", "{97952621-1EA3-4A3D-9C80-983594CCC556}"
EndProject
Global
	GlobalSection(SolutionConfigurationPlatforms) = preSolution
		Debug|Any CPU = Debug|Any CPU
		Release|Any CPU = Release|Any CPU
	EndGlobalSection
	GlobalSection(ProjectConfigurationPlatforms) = postSolution
		{A7A99412-5F99-4B4F-AFCF-90AA4B1EEB90}.Debug|Any CPU.ActiveCfg = Debug|Any CPU
		{A7A99412-5F99-4B4F-AFCF-90AA4B1EEB90}.Debug|Any CPU.Build.0 = Debug|Any CPU
		{A7A99412-5F99-4B4F-AFCF-90AA4B1EEB90}.Release|Any CPU.ActiveCfg = Release|Any CPU
		{A7A99412-5F99-4B4F-AFCF-90AA4B1EEB90}.Release|Any CPU.Build.0 = Release|Any CPU
		{97952621-1EA3-4A3D-9C80-983594CCC556}.Debug|Any CPU.ActiveCfg = Debug|Any CPU
		{97952621-1EA3-4A3D-9C80-983594CCC556}.Debug|Any CPU.Build.0 = Debug|Any CPU
		{97952621-1EA3-4A3D-9C80-983594CCC556}.Release|Any CPU.ActiveCfg = Release|Any CPU
		{97952621-1EA3-4A3D-9C80-983594CCC556}.Release|Any CPU.Build.0 = Release|Any CPU
	EndGlobalSection
	GlobalSection(SolutionProperties) = preSolution
		HideSolutionNode = FALSE
	EndGlobalSection
EndGlobal
